
Microsoft Visual Studio Solution File, Format Version 12.00
# Visual Studio Version 17
VisualStudioVersion = 17.8.34112.27
MinimumVisualStudioVersion = 10.0.40219.1
Project("{FAE04EC0-301F-11D3-BF4B-00C04F79EFBC}") = "Project1_AdonetCustomer", "Project1_AdonetCustomer\Project1_AdonetCustomer.csproj", "{43CE13A9-65F7-4E8E-8871-F0A876F48029}"
EndProject
Project("{FAE04EC0-301F-11D3-BF4B-00C04F79EFBC}") = "Project2_EntityFrameworkDbFirstProduct", "Project2_EntityFrameworkDbFirstProduct\Project2_EntityFrameworkDbFirstProduct.csproj", "{DEE29E48-9600-48AC-8E71-ACE674164D6C}"
EndProject
Project("{FAE04EC0-301F-11D3-BF4B-00C04F79EFBC}") = "Project3_EntityFrameworkStatistics", "Project3_EntityFrameworkStatistics\Project3_EntityFrameworkStatistics.csproj", "{7B005C33-CC0C-46DA-A7AE-D5F0F29242FD}"
EndProject
Project("{FAE04EC0-301F-11D3-BF4B-00C04F79EFBC}") = "Project4_EntityFrameworkCodeFirstMovie", "Project4_EntityFrameworkCodeFirstMovie\Project4_EntityFrameworkCodeFirstMovie.csproj", "{A579DDBD-82AB-4ED5-85C9-7949E410B2F6}"
EndProject
Project("{FAE04EC0-301F-11D3-BF4B-00C04F79EFBC}") = "Project5_DapperNorthwind", "Project5_DapperNorthwind\Project5_DapperNorthwind.csproj", "{B11E4ABC-2046-4199-B351-F1D2ABBE809F}"
EndProject
Project("{9A19103F-16F7-4668-BE54-9A1E7A4F7556}") = "Project6_ApiWeather", "Project6_ApiWeather\Project6_ApiWeather.csproj", "{109AFD0C-D3C6-4503-82D2-6E1EACF83D37}"
EndProject
Project("{9A19103F-16F7-4668-BE54-9A1E7A4F7556}") = "Project7_ApiWeatherConsume", "Project7_ApiWeatherConsume\Project7_ApiWeatherConsume.csproj", "{5F3163F6-8C29-4935-9B15-9CC3B2A5A5A6}"
EndProject
Project("{FAE04EC0-301F-11D3-BF4B-00C04F79EFBC}") = "Project8_RapidApiCurrency", "Project8_RapidApiCurrency\Project8_RapidApiCurrency.csproj", "{DFB7D9F2-E61C-4F35-8678-B4CD66069786}"
EndProject
Project("{FAE04EC0-301F-11D3-BF4B-00C04F79EFBC}") = "Project9_MongoDbOrder", "Project9_MongoDbOrder\Project9_MongoDbOrder.csproj", "{91BBF7B5-A980-4654-83DB-A3ABD6AEC1B9}"
EndProject
Project("{FAE04EC0-301F-11D3-BF4B-00C04F79EFBC}") = "Project10_PostgreSQLToDoListApp", "Project10_PostgreSQLToDoListApp\Project10_PostgreSQLToDoListApp.csproj", "{06EBF196-B3D2-4630-8F4E-046986D944FF}"
EndProject
Project("{FAE04EC0-301F-11D3-BF4B-00C04F79EFBC}") = "Project11_TriggerOrderStock", "Project11_TriggerOrderStock\Project11_TriggerOrderStock.csproj", "{406D0BBA-6125-4FFC-8605-9A17C1EF8E7C}"
EndProject
Project("{FAE04EC0-301F-11D3-BF4B-00C04F79EFBC}") = "Project12_JwtToken", "Project12_JwtToken\Project12_JwtToken.csproj", "{515D49B3-B1E4-41D3-A019-2554D60EC913}"
EndProject
Project("{FAE04EC0-301F-11D3-BF4B-00C04F79EFBC}") = "Project_13WeatherApp", "Project_13WeatherApp\Project_13WeatherApp.csproj", "{C6623DD5-AFF2-47C8-8059-9833563F8F21}"
EndProject
Project("{FAE04EC0-301F-11D3-BF4B-00C04F79EFBC}") = "Project14_SQLAllRelations", "Project14_SQLAllRelations\Project14_SQLAllRelations.csproj", "{6EC2DE49-11E4-4CC5-9562-47DB555B6997}"
EndProject
Project("{FAE04EC0-301F-11D3-BF4B-00C04F79EFBC}") = "Project15_GasPriceSimulation", "Project15_GasPriceSimulation\Project15_GasPriceSimulation.csproj", "{F5A68C45-82C2-40C1-8B0E-008FA40320F0}"
EndProject
Project("{FAE04EC0-301F-11D3-BF4B-00C04F79EFBC}") = "Project16_MailRegister", "Project16_MailRegister\Project16_MailRegister.csproj", "{8D280A19-8723-4D04-B50F-89FD3EBF4B32}"
EndProject
Global
	GlobalSection(SolutionConfigurationPlatforms) = preSolution
		Debug|Any CPU = Debug|Any CPU
		Release|Any CPU = Release|Any CPU
	EndGlobalSection
	GlobalSection(ProjectConfigurationPlatforms) = postSolution
		{43CE13A9-65F7-4E8E-8871-F0A876F48029}.Debug|Any CPU.ActiveCfg = Debug|Any CPU
		{43CE13A9-65F7-4E8E-8871-F0A876F48029}.Debug|Any CPU.Build.0 = Debug|Any CPU
		{43CE13A9-65F7-4E8E-8871-F0A876F48029}.Release|Any CPU.ActiveCfg = Release|Any CPU
		{43CE13A9-65F7-4E8E-8871-F0A876F48029}.Release|Any CPU.Build.0 = Release|Any CPU
		{DEE29E48-9600-48AC-8E71-ACE674164D6C}.Debug|Any CPU.ActiveCfg = Debug|Any CPU
		{DEE29E48-9600-48AC-8E71-ACE674164D6C}.Debug|Any CPU.Build.0 = Debug|Any CPU
		{DEE29E48-9600-48AC-8E71-ACE674164D6C}.Release|Any CPU.ActiveCfg = Release|Any CPU
		{DEE29E48-9600-48AC-8E71-ACE674164D6C}.Release|Any CPU.Build.0 = Release|Any CPU
		{7B005C33-CC0C-46DA-A7AE-D5F0F29242FD}.Debug|Any CPU.ActiveCfg = Debug|Any CPU
		{7B005C33-CC0C-46DA-A7AE-D5F0F29242FD}.Debug|Any CPU.Build.0 = Debug|Any CPU
		{7B005C33-CC0C-46DA-A7AE-D5F0F29242FD}.Release|Any CPU.ActiveCfg = Release|Any CPU
		{7B005C33-CC0C-46DA-A7AE-D5F0F29242FD}.Release|Any CPU.Build.0 = Release|Any CPU
		{A579DDBD-82AB-4ED5-85C9-7949E410B2F6}.Debug|Any CPU.ActiveCfg = Debug|Any CPU
		{A579DDBD-82AB-4ED5-85C9-7949E410B2F6}.Debug|Any CPU.Build.0 = Debug|Any CPU
		{A579DDBD-82AB-4ED5-85C9-7949E410B2F6}.Release|Any CPU.ActiveCfg = Release|Any CPU
		{A579DDBD-82AB-4ED5-85C9-7949E410B2F6}.Release|Any CPU.Build.0 = Release|Any CPU
		{B11E4ABC-2046-4199-B351-F1D2ABBE809F}.Debug|Any CPU.ActiveCfg = Debug|Any CPU
		{B11E4ABC-2046-4199-B351-F1D2ABBE809F}.Debug|Any CPU.Build.0 = Debug|Any CPU
		{B11E4ABC-2046-4199-B351-F1D2ABBE809F}.Release|Any CPU.ActiveCfg = Release|Any CPU
		{B11E4ABC-2046-4199-B351-F1D2ABBE809F}.Release|Any CPU.Build.0 = Release|Any CPU
		{109AFD0C-D3C6-4503-82D2-6E1EACF83D37}.Debug|Any CPU.ActiveCfg = Debug|Any CPU
		{109AFD0C-D3C6-4503-82D2-6E1EACF83D37}.Debug|Any CPU.Build.0 = Debug|Any CPU
		{109AFD0C-D3C6-4503-82D2-6E1EACF83D37}.Release|Any CPU.ActiveCfg = Release|Any CPU
		{109AFD0C-D3C6-4503-82D2-6E1EACF83D37}.Release|Any CPU.Build.0 = Release|Any CPU
		{5F3163F6-8C29-4935-9B15-9CC3B2A5A5A6}.Debug|Any CPU.ActiveCfg = Debug|Any CPU
		{5F3163F6-8C29-4935-9B15-9CC3B2A5A5A6}.Debug|Any CPU.Build.0 = Debug|Any CPU
		{5F3163F6-8C29-4935-9B15-9CC3B2A5A5A6}.Release|Any CPU.ActiveCfg = Release|Any CPU
		{5F3163F6-8C29-4935-9B15-9CC3B2A5A5A6}.Release|Any CPU.Build.0 = Release|Any CPU
		{DFB7D9F2-E61C-4F35-8678-B4CD66069786}.Debug|Any CPU.ActiveCfg = Debug|Any CPU
		{DFB7D9F2-E61C-4F35-8678-B4CD66069786}.Debug|Any CPU.Build.0 = Debug|Any CPU
		{DFB7D9F2-E61C-4F35-8678-B4CD66069786}.Release|Any CPU.ActiveCfg = Release|Any CPU
		{DFB7D9F2-E61C-4F35-8678-B4CD66069786}.Release|Any CPU.Build.0 = Release|Any CPU
		{91BBF7B5-A980-4654-83DB-A3ABD6AEC1B9}.Debug|Any CPU.ActiveCfg = Debug|Any CPU
		{91BBF7B5-A980-4654-83DB-A3ABD6AEC1B9}.Debug|Any CPU.Build.0 = Debug|Any CPU
		{91BBF7B5-A980-4654-83DB-A3ABD6AEC1B9}.Release|Any CPU.ActiveCfg = Release|Any CPU
		{91BBF7B5-A980-4654-83DB-A3ABD6AEC1B9}.Release|Any CPU.Build.0 = Release|Any CPU
		{06EBF196-B3D2-4630-8F4E-046986D944FF}.Debug|Any CPU.ActiveCfg = Debug|Any CPU
		{06EBF196-B3D2-4630-8F4E-046986D944FF}.Debug|Any CPU.Build.0 = Debug|Any CPU
		{06EBF196-B3D2-4630-8F4E-046986D944FF}.Release|Any CPU.ActiveCfg = Release|Any CPU
		{06EBF196-B3D2-4630-8F4E-046986D944FF}.Release|Any CPU.Build.0 = Release|Any CPU
		{406D0BBA-6125-4FFC-8605-9A17C1EF8E7C}.Debug|Any CPU.ActiveCfg = Debug|Any CPU
		{406D0BBA-6125-4FFC-8605-9A17C1EF8E7C}.Debug|Any CPU.Build.0 = Debug|Any CPU
		{406D0BBA-6125-4FFC-8605-9A17C1EF8E7C}.Release|Any CPU.ActiveCfg = Release|Any CPU
		{406D0BBA-6125-4FFC-8605-9A17C1EF8E7C}.Release|Any CPU.Build.0 = Release|Any CPU
		{515D49B3-B1E4-41D3-A019-2554D60EC913}.Debug|Any CPU.ActiveCfg = Debug|Any CPU
		{515D49B3-B1E4-41D3-A019-2554D60EC913}.Debug|Any CPU.Build.0 = Debug|Any CPU
		{515D49B3-B1E4-41D3-A019-2554D60EC913}.Release|Any CPU.ActiveCfg = Release|Any CPU
		{515D49B3-B1E4-41D3-A019-2554D60EC913}.Release|Any CPU.Build.0 = Release|Any CPU
		{C6623DD5-AFF2-47C8-8059-9833563F8F21}.Debug|Any CPU.ActiveCfg = Debug|Any CPU
		{C6623DD5-AFF2-47C8-8059-9833563F8F21}.Debug|Any CPU.Build.0 = Debug|Any CPU
		{C6623DD5-AFF2-47C8-8059-9833563F8F21}.Release|Any CPU.ActiveCfg = Release|Any CPU
		{C6623DD5-AFF2-47C8-8059-9833563F8F21}.Release|Any CPU.Build.0 = Release|Any CPU
		{6EC2DE49-11E4-4CC5-9562-47DB555B6997}.Debug|Any CPU.ActiveCfg = Debug|Any CPU
		{6EC2DE49-11E4-4CC5-9562-47DB555B6997}.Debug|Any CPU.Build.0 = Debug|Any CPU
		{6EC2DE49-11E4-4CC5-9562-47DB555B6997}.Release|Any CPU.ActiveCfg = Release|Any CPU
		{6EC2DE49-11E4-4CC5-9562-47DB555B6997}.Release|Any CPU.Build.0 = Release|Any CPU
		{F5A68C45-82C2-40C1-8B0E-008FA40320F0}.Debug|Any CPU.ActiveCfg = Debug|Any CPU
		{F5A68C45-82C2-40C1-8B0E-008FA40320F0}.Debug|Any CPU.Build.0 = Debug|Any CPU
		{F5A68C45-82C2-40C1-8B0E-008FA40320F0}.Release|Any CPU.ActiveCfg = Release|Any CPU
		{F5A68C45-82C2-40C1-8B0E-008FA40320F0}.Release|Any CPU.Build.0 = Release|Any CPU
		{8D280A19-8723-4D04-B50F-89FD3EBF4B32}.Debug|Any CPU.ActiveCfg = Debug|Any CPU
		{8D280A19-8723-4D04-B50F-89FD3EBF4B32}.Debug|Any CPU.Build.0 = Debug|Any CPU
		{8D280A19-8723-4D04-B50F-89FD3EBF4B32}.Release|Any CPU.ActiveCfg = Release|Any CPU
		{8D280A19-8723-4D04-B50F-89FD3EBF4B32}.Release|Any CPU.Build.0 = Release|Any CPU
	EndGlobalSection
	GlobalSection(SolutionProperties) = preSolution
		HideSolutionNode = FALSE
	EndGlobalSection
	GlobalSection(ExtensibilityGlobals) = postSolution
		SolutionGuid = {C50B9C1A-D244-4F24-92BC-3B7518CBD117}
	EndGlobalSection
EndGlobal
